
Microsoft Visual Studio Solution File, Format Version 12.00
# Visual Studio Version 16
VisualStudioVersion = 16.0.29709.97
MinimumVisualStudioVersion = 10.0.40219.1
Project("{9A19103F-16F7-4668-BE54-9A1E7A4F7556}") = "01.DiagonalDifference", "MultidimnesionalArr-Ex\01.DiagonalDifference.csproj", "{BABC6051-0B4D-4CF5-A9CF-B27BE1FBCC87}"
EndProject
Project("{9A19103F-16F7-4668-BE54-9A1E7A4F7556}") = "02.2x2 SquareInMatrix", "02.2x2 SquareInMatrix\02.2x2 SquareInMatrix.csproj", "{4A08FF8A-E694-40F2-8834-5F337781406E}"
EndProject
Project("{9A19103F-16F7-4668-BE54-9A1E7A4F7556}") = "03.MaximalSum", "03.MaximalSum\03.MaximalSum.csproj", "{94C7C551-7FCC-4E34-80A6-06571CD337E1}"
EndProject
Project("{FAE04EC0-301F-11D3-BF4B-00C04F79EFBC}") = "04.Matrix Shuffling", "04.Matrix Shuffling\04.Matrix Shuffling.csproj", "{75FBAA81-D558-4E17-9467-CD25ED991B68}"
EndProject
Project("{FAE04EC0-301F-11D3-BF4B-00C04F79EFBC}") = "05.Snake Moves", "05.SnakeMoves\05.Snake Moves.csproj", "{DCCCF3CB-A220-4CB1-A3AA-2F19D479F078}"
EndProject
Global
	GlobalSection(SolutionConfigurationPlatforms) = preSolution
		Debug|Any CPU = Debug|Any CPU
		Release|Any CPU = Release|Any CPU
	EndGlobalSection
	GlobalSection(ProjectConfigurationPlatforms) = postSolution
		{BABC6051-0B4D-4CF5-A9CF-B27BE1FBCC87}.Debug|Any CPU.ActiveCfg = Debug|Any CPU
		{BABC6051-0B4D-4CF5-A9CF-B27BE1FBCC87}.Debug|Any CPU.Build.0 = Debug|Any CPU
		{BABC6051-0B4D-4CF5-A9CF-B27BE1FBCC87}.Release|Any CPU.ActiveCfg = Release|Any CPU
		{BABC6051-0B4D-4CF5-A9CF-B27BE1FBCC87}.Release|Any CPU.Build.0 = Release|Any CPU
		{4A08FF8A-E694-40F2-8834-5F337781406E}.Debug|Any CPU.ActiveCfg = Debug|Any CPU
		{4A08FF8A-E694-40F2-8834-5F337781406E}.Debug|Any CPU.Build.0 = Debug|Any CPU
		{4A08FF8A-E694-40F2-8834-5F337781406E}.Release|Any CPU.ActiveCfg = Release|Any CPU
		{4A08FF8A-E694-40F2-8834-5F337781406E}.Release|Any CPU.Build.0 = Release|Any CPU
		{94C7C551-7FCC-4E34-80A6-06571CD337E1}.Debug|Any CPU.ActiveCfg = Debug|Any CPU
		{94C7C551-7FCC-4E34-80A6-06571CD337E1}.Debug|Any CPU.Build.0 = Debug|Any CPU
		{94C7C551-7FCC-4E34-80A6-06571CD337E1}.Release|Any CPU.ActiveCfg = Release|Any CPU
		{94C7C551-7FCC-4E34-80A6-06571CD337E1}.Release|Any CPU.Build.0 = Release|Any CPU
		{75FBAA81-D558-4E17-9467-CD25ED991B68}.Debug|Any CPU.ActiveCfg = Debug|Any CPU
		{75FBAA81-D558-4E17-9467-CD25ED991B68}.Debug|Any CPU.Build.0 = Debug|Any CPU
		{75FBAA81-D558-4E17-9467-CD25ED991B68}.Release|Any CPU.ActiveCfg = Release|Any CPU
		{75FBAA81-D558-4E17-9467-CD25ED991B68}.Release|Any CPU.Build.0 = Release|Any CPU
		{DCCCF3CB-A220-4CB1-A3AA-2F19D479F078}.Debug|Any CPU.ActiveCfg = Debug|Any CPU
		{DCCCF3CB-A220-4CB1-A3AA-2F19D479F078}.Debug|Any CPU.Build.0 = Debug|Any CPU
		{DCCCF3CB-A220-4CB1-A3AA-2F19D479F078}.Release|Any CPU.ActiveCfg = Release|Any CPU
		{DCCCF3CB-A220-4CB1-A3AA-2F19D479F078}.Release|Any CPU.Build.0 = Release|Any CPU
	EndGlobalSection
	GlobalSection(SolutionProperties) = preSolution
		HideSolutionNode = FALSE
	EndGlobalSection
	GlobalSection(ExtensibilityGlobals) = postSolution
		SolutionGuid = {56BFB82F-B7BF-4BF4-8D37-EAB49726534B}
	EndGlobalSection
EndGlobal
